
Microsoft Visual Studio Solution File, Format Version 12.00
# Visual Studio 15
VisualStudioVersion = 15.0.28010.2046
MinimumVisualStudioVersion = 10.0.40219.1
Project("{FAE04EC0-301F-11D3-BF4B-00C04F79EFBC}") = "QCMake", "QCMake\QCMake.csproj", "{7EE92209-FA4E-4355-B0FA-95CFDDE1B714}"
EndProject
Global
	GlobalSection(SolutionConfigurationPlatforms) = preSolution
		Debug|Any CPU = Debug|Any CPU
		Release|Any CPU = Release|Any CPU
	EndGlobalSection
	GlobalSection(ProjectConfigurationPlatforms) = postSolution
		{7EE92209-FA4E-4355-B0FA-95CFDDE1B714}.Debug|Any CPU.ActiveCfg = Debug|Any CPU
		{7EE92209-FA4E-4355-B0FA-95CFDDE1B714}.Debug|Any CPU.Build.0 = Debug|Any CPU
		{7EE92209-FA4E-4355-B0FA-95CFDDE1B714}.Release|Any CPU.ActiveCfg = Release|Any CPU
		{7EE92209-FA4E-4355-B0FA-95CFDDE1B714}.Release|Any CPU.Build.0 = Release|Any CPU
	EndGlobalSection
	GlobalSection(SolutionProperties) = preSolution
		HideSolutionNode = FALSE
	EndGlobalSection
	GlobalSection(ExtensibilityGlobals) = postSolution
		SolutionGuid = {B30BA8A9-45C7-4D3C-B89D-9AE6C3CE3288}
	EndGlobalSection
EndGlobal
